# generated by rye
# use `rye lock` or `rye sync` to update this lockfile
#
# last locked with the following flags:
#   pre: false
#   features: []
#   all-features: false
#   with-sources: false
#   generate-hashes: false
#   universal: false

-e file:.
aiohappyeyeballs==2.4.0
    # via aiohttp
aiohttp==3.10.5
    # via realtime
aiosignal==1.3.1
    # via aiohttp
annotated-types==0.7.0
    # via pydantic
anyio==4.4.0
    # via httpx
    # via starlette
attrs==24.2.0
    # via aiohttp
certifi==2024.7.4
    # via httpcore
    # via httpx
click==8.1.7
    # via uvicorn
deprecation==2.1.0
    # via postgrest
fastapi==0.112.2
    # via micropos-infra
frozenlist==1.4.1
    # via aiohttp
    # via aiosignal
gotrue==2.7.0
    # via supabase
h11==0.14.0
    # via httpcore
    # via uvicorn
h2==4.1.0
    # via httpx
hpack==4.0.0
    # via h2
httpcore==1.0.5
    # via httpx
httpx==0.27.2
    # via gotrue
    # via postgrest
    # via storage3
    # via supabase
    # via supafunc
hyperframe==6.0.1
    # via h2
idna==3.8
    # via anyio
    # via httpx
    # via yarl
multidict==6.0.5
    # via aiohttp
    # via yarl
packaging==24.1
    # via deprecation
postgrest==0.16.11
    # via supabase
pydantic==2.8.2
    # via fastapi
    # via gotrue
    # via micropos-infra
    # via postgrest
pydantic-core==2.20.1
    # via pydantic
python-dateutil==2.9.0.post0
    # via realtime
    # via storage3
python-dotenv==1.0.1
    # via micropos-infra
realtime==2.0.2
    # via supabase
six==1.16.0
    # via python-dateutil
sniffio==1.3.1
    # via anyio
    # via httpx
starlette==0.38.2
    # via fastapi
storage3==0.7.7
    # via supabase
strenum==0.4.15
    # via postgrest
supabase==2.7.4
    # via micropos-infra
supafunc==0.5.1
    # via supabase
typing-extensions==4.12.2
    # via fastapi
    # via pydantic
    # via pydantic-core
    # via realtime
    # via storage3
uuid-utils==0.9.0
    # via micropos-infra
uvicorn==0.30.6
    # via micropos-infra
websockets==12.0
    # via realtime
yarl==1.9.4
    # via aiohttp
